
Microsoft Visual Studio Solution File, Format Version 12.00
# Visual Studio Version 16
VisualStudioVersion = 16.0.31321.278
MinimumVisualStudioVersion = 10.0.40219.1
Project("{FAE04EC0-301F-11D3-BF4B-00C04F79EFBC}") = "Etax_Api", "Etax_Api\Etax_Api.csproj", "{5CDC34EE-42FF-46B3-9C99-51EA9B7FE4AF}"
EndProject
Global
	GlobalSection(SolutionConfigurationPlatforms) = preSolution
		Debug|Any CPU = Debug|Any CPU
		Release|Any CPU = Release|Any CPU
	EndGlobalSection
	GlobalSection(ProjectConfigurationPlatforms) = postSolution
		{5CDC34EE-42FF-46B3-9C99-51EA9B7FE4AF}.Debug|Any CPU.ActiveCfg = Debug|Any CPU
		{5CDC34EE-42FF-46B3-9C99-51EA9B7FE4AF}.Debug|Any CPU.Build.0 = Debug|Any CPU
		{5CDC34EE-42FF-46B3-9C99-51EA9B7FE4AF}.Release|Any CPU.ActiveCfg = Release|Any CPU
		{5CDC34EE-42FF-46B3-9C99-51EA9B7FE4AF}.Release|Any CPU.Build.0 = Release|Any CPU
	EndGlobalSection
	GlobalSection(SolutionProperties) = preSolution
		HideSolutionNode = FALSE
	EndGlobalSection
	GlobalSection(ExtensibilityGlobals) = postSolution
		SolutionGuid = {791975AD-66BD-43B4-A626-51DB0B1F95E0}
	EndGlobalSection
EndGlobal
